
Microsoft Visual Studio Solution File, Format Version 12.00
# Visual Studio Version 17
VisualStudioVersion = 17.5.33424.131
MinimumVisualStudioVersion = 10.0.40219.1
Project("{FAE04EC0-301F-11D3-BF4B-00C04F79EFBC}") = "Chief", "Chief.csproj", "{6DF3416D-040D-48BE-BFC1-E4874D1BEAAD}"
EndProject
Global
	GlobalSection(SolutionConfigurationPlatforms) = preSolution
		Debug|Any CPU = Debug|Any CPU
		Release|Any CPU = Release|Any CPU
	EndGlobalSection
	GlobalSection(ProjectConfigurationPlatforms) = postSolution
		{6DF3416D-040D-48BE-BFC1-E4874D1BEAAD}.Debug|Any CPU.ActiveCfg = Debug|Any CPU
		{6DF3416D-040D-48BE-BFC1-E4874D1BEAAD}.Debug|Any CPU.Build.0 = Debug|Any CPU
		{6DF3416D-040D-48BE-BFC1-E4874D1BEAAD}.Release|Any CPU.ActiveCfg = Release|Any CPU
		{6DF3416D-040D-48BE-BFC1-E4874D1BEAAD}.Release|Any CPU.Build.0 = Release|Any CPU
	EndGlobalSection
	GlobalSection(SolutionProperties) = preSolution
		HideSolutionNode = FALSE
	EndGlobalSection
	GlobalSection(ExtensibilityGlobals) = postSolution
		SolutionGuid = {56880768-64D3-4C17-B3A4-57783ED5C81E}
	EndGlobalSection
EndGlobal
